Microsoft Visual Studio Solution File, Format Version 12.00
# Visual Studio Version 17
VisualStudioVersion = 17.5.2.0
MinimumVisualStudioVersion = 10.0.40219.1
Project("{FAE04EC0-301F-11D3-BF4B-00C04F79EFBC}") = "doQuest", "doQuest.csproj", "{29C578C5-D9A7-8952-EF63-203EFDC770A9}"
EndProject
Global
	GlobalSection(SolutionConfigurationPlatforms) = preSolution
		Debug|Any CPU = Debug|Any CPU
		Release|Any CPU = Release|Any CPU
	EndGlobalSection
	GlobalSection(ProjectConfigurationPlatforms) = postSolution
		{29C578C5-D9A7-8952-EF63-203EFDC770A9}.Debug|Any CPU.ActiveCfg = Debug|Any CPU
		{29C578C5-D9A7-8952-EF63-203EFDC770A9}.Debug|Any CPU.Build.0 = Debug|Any CPU
		{29C578C5-D9A7-8952-EF63-203EFDC770A9}.Release|Any CPU.ActiveCfg = Release|Any CPU
		{29C578C5-D9A7-8952-EF63-203EFDC770A9}.Release|Any CPU.Build.0 = Release|Any CPU
	EndGlobalSection
	GlobalSection(SolutionProperties) = preSolution
		HideSolutionNode = FALSE
	EndGlobalSection
	GlobalSection(ExtensibilityGlobals) = postSolution
		SolutionGuid = {AAE3009C-66F5-41EC-B6F3-F42F2B551F43}
	EndGlobalSection
EndGlobal
